
Microsoft Visual Studio Solution File, Format Version 12.00
# Visual Studio Version 17
VisualStudioVersion = 17.11.35312.102
MinimumVisualStudioVersion = 10.0.40219.1
Project("{FAE04EC0-301F-11D3-BF4B-00C04F79EFBC}") = "ChillLancer.API", "ChillLancer.API\ChillLancer.API.csproj", "{3E434067-E827-4DA0-85AA-515AEF34E610}"
EndProject
Project("{FAE04EC0-301F-11D3-BF4B-00C04F79EFBC}") = "ChillLancer.BusinessService", "ChillLancer.BusinessService\ChillLancer.BusinessService.csproj", "{201407DA-22C0-47D6-979D-9DED062C1AE5}"
EndProject
Project("{FAE04EC0-301F-11D3-BF4B-00C04F79EFBC}") = "ChillLancer.Repository", "ChillLancer.Repository\ChillLancer.Repository.csproj", "{51EA0478-5382-46F0-929F-CCF29A98A70D}"
EndProject
Global
	GlobalSection(SolutionConfigurationPlatforms) = preSolution
		Debug|Any CPU = Debug|Any CPU
		Release|Any CPU = Release|Any CPU
	EndGlobalSection
	GlobalSection(ProjectConfigurationPlatforms) = postSolution
		{3E434067-E827-4DA0-85AA-515AEF34E610}.Debug|Any CPU.ActiveCfg = Debug|Any CPU
		{3E434067-E827-4DA0-85AA-515AEF34E610}.Debug|Any CPU.Build.0 = Debug|Any CPU
		{3E434067-E827-4DA0-85AA-515AEF34E610}.Release|Any CPU.ActiveCfg = Release|Any CPU
		{3E434067-E827-4DA0-85AA-515AEF34E610}.Release|Any CPU.Build.0 = Release|Any CPU
		{201407DA-22C0-47D6-979D-9DED062C1AE5}.Debug|Any CPU.ActiveCfg = Debug|Any CPU
		{201407DA-22C0-47D6-979D-9DED062C1AE5}.Debug|Any CPU.Build.0 = Debug|Any CPU
		{201407DA-22C0-47D6-979D-9DED062C1AE5}.Release|Any CPU.ActiveCfg = Release|Any CPU
		{201407DA-22C0-47D6-979D-9DED062C1AE5}.Release|Any CPU.Build.0 = Release|Any CPU
		{51EA0478-5382-46F0-929F-CCF29A98A70D}.Debug|Any CPU.ActiveCfg = Debug|Any CPU
		{51EA0478-5382-46F0-929F-CCF29A98A70D}.Debug|Any CPU.Build.0 = Debug|Any CPU
		{51EA0478-5382-46F0-929F-CCF29A98A70D}.Release|Any CPU.ActiveCfg = Release|Any CPU
		{51EA0478-5382-46F0-929F-CCF29A98A70D}.Release|Any CPU.Build.0 = Release|Any CPU
	EndGlobalSection
	GlobalSection(SolutionProperties) = preSolution
		HideSolutionNode = FALSE
	EndGlobalSection
	GlobalSection(ExtensibilityGlobals) = postSolution
		SolutionGuid = {EE10CC02-E9CF-4329-9F37-C790CAC73B58}
	EndGlobalSection
EndGlobal
